# This file is autogenerated, do not edit; changes may be undone by the next 'dep ensure'.


[[projects]]
  branch = "master"
  digest = "1:98441688941416464a9f56869d7d5dbc149200716e4f0ac952119d4f544cf7fd"
  name = "github.com/Baozisoftware/qrcode-terminal-go"
  packages = ["."]
  pruneopts = "UT"
  revision = "c0650d8dff0f053901ff16185217b950d5e7743c"

[[projects]]
  digest = "1:43188b8b2e89d7197e37b9c7a30e8351f9b655d2f2002a786e02c265f755852c"
  name = "github.com/Rhymen/go-whatsapp"
  packages = [
    ".",
    "binary",
    "binary/proto",
    "binary/token",
    "crypto/cbc",
    "crypto/curve25519",
    "crypto/hkdf",
  ]
  pruneopts = "UT"
  revision = "1a11f6d7ef42d3cc182985285b2ae9a0e7b3f71a"
  version = "v0.1.0"

[[projects]]
  digest = "1:d1e35b720b5f5156502ffdd174000c81295919293735342da78582e4dc7a8bcd"
  name = "github.com/golang/protobuf"
  packages = ["proto"]
  pruneopts = "UT"
  revision = "84668698ea25b64748563aa20726db66a6b8d299"
  version = "v1.3.5"

[[projects]]
  digest = "1:6d29f02f0f01c627c2be40fb7347669a9ff2aa215cb97747294c1d13ffa74bdd"
  name = "github.com/gorilla/websocket"
  packages = ["."]
  pruneopts = "UT"
  revision = "b65e62901fc1c0d968042419e74789f6af455eb9"
  version = "v1.4.2"

[[projects]]
  digest = "1:0109cf4321a15313ec895f42e723e1f76121c6975ea006abfa20012272ec0937"
  name = "github.com/mattn/go-colorable"
  packages = ["."]
  pruneopts = "UT"
  revision = "68e95eba382c972aafde02ead2cd2426a8a92480"
  version = "v0.1.6"

[[projects]]
  digest = "1:0c58d31abe2a2ccb429c559b6292e7df89dcda675456fecc282fa90aa08273eb"
  name = "github.com/mattn/go-isatty"
  packages = ["."]
  pruneopts = "UT"
  revision = "7b513a986450394f7bbf1476909911b3aa3a55ce"
  version = "v0.0.12"

[[projects]]
  digest = "1:9e1d37b58d17113ec3cb5608ac0382313c5b59470b94ed97d0976e69c7022314"
  name = "github.com/pkg/errors"
  packages = ["."]
  pruneopts = "UT"
  revision = "614d223910a179a466c1767a985424175c39b465"
  version = "v0.9.1"

[[projects]]
  branch = "master"
  digest = "1:4e8371530875271d3a2a08645767384855616989a7cab2b1fecfc4f7a48232d8"
  name = "github.com/skip2/go-qrcode"
  packages = [
    ".",
    "bitset",
    "reedsolomon",
  ]
  pruneopts = "UT"
  revision = "9434209cb0863a5f3c316b49a8abb7f7dc80610a"

[[projects]]
  branch = "master"
  digest = "1:98045a5de2475a6764740565dca3a34c047b5d2943c5ab1ce103528440adaa2e"
  name = "golang.org/x/crypto"
  packages = [
    "curve25519",
    "hkdf",
  ]
  pruneopts = "UT"
  revision = "0ec3e9974c59449edd84298612e9f16fa13368e8"

[[projects]]
  branch = "master"
  digest = "1:7d9e0fca00623428d7d22eb5aceb40b7e44c5396d921282de33d83fd79dce51d"
  name = "golang.org/x/sys"
  packages = ["unix"]
  pruneopts = "UT"
  revision = "9dae0f8f577553e0f21298e18926efc9644c281d"

[solve-meta]
  analyzer-name = "dep"
  analyzer-version = 1
  input-imports = [
    "github.com/Baozisoftware/qrcode-terminal-go",
    "github.com/Rhymen/go-whatsapp",
  ]
  solver-name = "gps-cdcl"
  solver-version = 1
